
Microsoft Visual Studio Solution File, Format Version 12.00
# Visual Studio Version 17
VisualStudioVersion = 17.4.33205.214
MinimumVisualStudioVersion = 10.0.40219.1
Project("{FAE04EC0-301F-11D3-BF4B-00C04F79EFBC}") = "ServiceBFF", "ServiceBFF\ServiceBFF.csproj", "{0191A087-227A-4C20-8F2C-24101014777A}"
EndProject
Project("{FAE04EC0-301F-11D3-BF4B-00C04F79EFBC}") = "UpStreamService", "UpStreamService\UpStreamService.csproj", "{A294E091-4037-43CE-A2DF-349862B441E5}"
EndProject
Global
	GlobalSection(SolutionConfigurationPlatforms) = preSolution
		Debug|Any CPU = Debug|Any CPU
		Release|Any CPU = Release|Any CPU
	EndGlobalSection
	GlobalSection(ProjectConfigurationPlatforms) = postSolution
		{0191A087-227A-4C20-8F2C-24101014777A}.Debug|Any CPU.ActiveCfg = Debug|Any CPU
		{0191A087-227A-4C20-8F2C-24101014777A}.Debug|Any CPU.Build.0 = Debug|Any CPU
		{0191A087-227A-4C20-8F2C-24101014777A}.Release|Any CPU.ActiveCfg = Release|Any CPU
		{0191A087-227A-4C20-8F2C-24101014777A}.Release|Any CPU.Build.0 = Release|Any CPU
		{A294E091-4037-43CE-A2DF-349862B441E5}.Debug|Any CPU.ActiveCfg = Debug|Any CPU
		{A294E091-4037-43CE-A2DF-349862B441E5}.Debug|Any CPU.Build.0 = Debug|Any CPU
		{A294E091-4037-43CE-A2DF-349862B441E5}.Release|Any CPU.ActiveCfg = Release|Any CPU
		{A294E091-4037-43CE-A2DF-349862B441E5}.Release|Any CPU.Build.0 = Release|Any CPU
	EndGlobalSection
	GlobalSection(SolutionProperties) = preSolution
		HideSolutionNode = FALSE
	EndGlobalSection
	GlobalSection(ExtensibilityGlobals) = postSolution
		SolutionGuid = {B1D5A02B-FE82-4923-B9D4-8846F8210621}
	EndGlobalSection
EndGlobal
